{
  "version": 4,
  "terraform_version": "0.12.19",
  "serial": 46,
  "lineage": "5dedbf30-08cb-b240-d2fd-8b39d8eae94c",
  "outputs": {
    "ip": {
      "value": "34.70.73.51",
      "type": "string"
    },
    "vpc_network_subnets_ips": {
      "value": [
        "10.0.0.0/16",
        "10.1.0.0/16"
      ],
      "type": [
        "tuple",
        [
          "string",
          "string"
        ]
      ]
    }
  },
  "resources": [
    {
      "module": "module.network",
      "mode": "data",
      "type": "google_compute_subnetwork",
      "name": "created_subnets",
      "each": "list",
      "provider": "provider.google",
      "instances": [
        {
          "index_key": 0,
          "schema_version": 0,
          "attributes": {
            "description": "",
            "gateway_address": "10.0.0.1",
            "id": "projects/testegeralproject/regions/us-central1/subnetworks/subnet-01",
            "ip_cidr_range": "10.0.0.0/16",
            "name": "subnet-01",
            "network": "https://www.googleapis.com/compute/v1/projects/testegeralproject/global/networks/vpc-network-of-the-module",
            "private_ip_google_access": false,
            "project": "testegeralproject",
            "region": "us-central1",
            "secondary_ip_range": [],
            "self_link": "https://www.googleapis.com/compute/v1/projects/testegeralproject/regions/us-central1/subnetworks/subnet-01"
          }
        },
        {
          "index_key": 1,
          "schema_version": 0,
          "attributes": {
            "description": "",
            "gateway_address": "10.1.0.1",
            "id": "projects/testegeralproject/regions/us-central1/subnetworks/subnet-02",
            "ip_cidr_range": "10.1.0.0/16",
            "name": "subnet-02",
            "network": "https://www.googleapis.com/compute/v1/projects/testegeralproject/global/networks/vpc-network-of-the-module",
            "private_ip_google_access": true,
            "project": "testegeralproject",
            "region": "us-central1",
            "secondary_ip_range": [],
            "self_link": "https://www.googleapis.com/compute/v1/projects/testegeralproject/regions/us-central1/subnetworks/subnet-02"
          }
        }
      ]
    },
    {
      "mode": "managed",
      "type": "google_compute_address",
      "name": "vm_static_ip",
      "provider": "provider.google",
      "instances": [
        {
          "schema_version": 0,
          "attributes": {
            "address": "34.70.73.51",
            "address_type": "EXTERNAL",
            "creation_timestamp": "2020-02-12T10:28:25.035-08:00",
            "description": "",
            "id": "projects/testegeralproject/regions/us-central1/addresses/terraform-static-ip",
            "name": "terraform-static-ip",
            "network_tier": "PREMIUM",
            "project": "testegeralproject",
            "purpose": "",
            "region": "us-central1",
            "self_link": "https://www.googleapis.com/compute/v1/projects/testegeralproject/regions/us-central1/addresses/terraform-static-ip",
            "subnetwork": "",
            "timeouts": null,
            "users": [
              "https://www.googleapis.com/compute/v1/projects/testegeralproject/zones/us-central1-c/instances/terraform-instance"
            ]
          },
          "private": "eyJlMmJmYjczMC1lY2FhLTExZTYtOGY4OC0zNDM2M2JjN2M0YzAiOnsiY3JlYXRlIjoyNDAwMDAwMDAwMDAsImRlbGV0ZSI6MjQwMDAwMDAwMDAwfX0="
        }
      ]
    },
    {
      "mode": "managed",
      "type": "google_compute_instance",
      "name": "vm_instance",
      "provider": "provider.google",
      "instances": [
        {
          "schema_version": 6,
          "attributes": {
            "allow_stopping_for_update": null,
            "attached_disk": [],
            "boot_disk": [
              {
                "auto_delete": true,
                "device_name": "persistent-disk-0",
                "disk_encryption_key_raw": "",
                "disk_encryption_key_sha256": "",
                "initialize_params": [
                  {
                    "image": "https://www.googleapis.com/compute/v1/projects/cos-cloud/global/images/cos-stable-80-12739-68-0",
                    "labels": {},
                    "size": 10,
                    "type": "pd-standard"
                  }
                ],
                "kms_key_self_link": "",
                "mode": "READ_WRITE",
                "source": "https://www.googleapis.com/compute/v1/projects/testegeralproject/zones/us-central1-c/disks/terraform-instance"
              }
            ],
            "can_ip_forward": false,
            "cpu_platform": "Intel Haswell",
            "deletion_protection": false,
            "description": "",
            "enable_display": false,
            "guest_accelerator": [],
            "hostname": "",
            "id": "projects/testegeralproject/zones/us-central1-c/instances/terraform-instance",
            "instance_id": "1456545990602928441",
            "label_fingerprint": "42WmSpB8rSM=",
            "labels": {},
            "machine_type": "f1-micro",
            "metadata": {},
            "metadata_fingerprint": "tLNYpLNztgc=",
            "metadata_startup_script": "",
            "min_cpu_platform": "",
            "name": "terraform-instance",
            "network_interface": [
              {
                "access_config": [
                  {
                    "nat_ip": "34.70.73.51",
                    "network_tier": "PREMIUM",
                    "public_ptr_domain_name": ""
                  }
                ],
                "alias_ip_range": [],
                "name": "nic0",
                "network": "https://www.googleapis.com/compute/v1/projects/testegeralproject/global/networks/vpc-network-of-the-module",
                "network_ip": "10.0.0.2",
                "subnetwork": "https://www.googleapis.com/compute/v1/projects/testegeralproject/regions/us-central1/subnetworks/subnet-01",
                "subnetwork_project": "testegeralproject"
              }
            ],
            "project": "testegeralproject",
            "scheduling": [
              {
                "automatic_restart": true,
                "node_affinities": [],
                "on_host_maintenance": "MIGRATE",
                "preemptible": false
              }
            ],
            "scratch_disk": [],
            "self_link": "https://www.googleapis.com/compute/v1/projects/testegeralproject/zones/us-central1-c/instances/terraform-instance",
            "service_account": [],
            "shielded_instance_config": [
              {
                "enable_integrity_monitoring": true,
                "enable_secure_boot": false,
                "enable_vtpm": true
              }
            ],
            "tags": [
              "dev",
              "web"
            ],
            "tags_fingerprint": "XaeQnaHMn9Y=",
            "timeouts": null,
            "zone": "us-central1-c"
          },
          "private": "eyJlMmJmYjczMC1lY2FhLTExZTYtOGY4OC0zNDM2M2JjN2M0YzAiOnsiY3JlYXRlIjoxMjAwMDAwMDAwMDAwLCJkZWxldGUiOjEyMDAwMDAwMDAwMDAsInVwZGF0ZSI6MTIwMDAwMDAwMDAwMH0sInNjaGVtYV92ZXJzaW9uIjoiNiJ9",
          "dependencies": [
            "google_compute_address.vm_static_ip",
            "module.network.google_compute_network.network",
            "module.network.google_compute_subnetwork.subnetwork"
          ]
        }
      ]
    },
    {
      "module": "module.network",
      "mode": "managed",
      "type": "google_compute_network",
      "name": "network",
      "provider": "provider.google",
      "instances": [
        {
          "schema_version": 0,
          "attributes": {
            "auto_create_subnetworks": false,
            "delete_default_routes_on_create": false,
            "description": "",
            "gateway_ipv4": "",
            "id": "projects/testegeralproject/global/networks/vpc-network-of-the-module",
            "ipv4_range": null,
            "name": "vpc-network-of-the-module",
            "project": "testegeralproject",
            "routing_mode": "GLOBAL",
            "self_link": "https://www.googleapis.com/compute/v1/projects/testegeralproject/global/networks/vpc-network-of-the-module",
            "timeouts": null
          },
          "private": "eyJlMmJmYjczMC1lY2FhLTExZTYtOGY4OC0zNDM2M2JjN2M0YzAiOnsiY3JlYXRlIjoyNDAwMDAwMDAwMDAsImRlbGV0ZSI6MjQwMDAwMDAwMDAwLCJ1cGRhdGUiOjI0MDAwMDAwMDAwMH19"
        }
      ]
    },
    {
      "module": "module.network",
      "mode": "managed",
      "type": "google_compute_route",
      "name": "route",
      "each": "list",
      "provider": "provider.google",
      "instances": []
    },
    {
      "module": "module.network",
      "mode": "managed",
      "type": "google_compute_shared_vpc_host_project",
      "name": "shared_vpc_host",
      "each": "list",
      "provider": "provider.google",
      "instances": []
    },
    {
      "module": "module.network",
      "mode": "managed",
      "type": "google_compute_subnetwork",
      "name": "subnetwork",
      "each": "list",
      "provider": "provider.google",
      "instances": [
        {
          "index_key": 0,
          "schema_version": 0,
          "attributes": {
            "creation_timestamp": "2020-02-13T10:02:48.231-08:00",
            "description": "",
            "enable_flow_logs": null,
            "fingerprint": null,
            "gateway_address": "10.0.0.1",
            "id": "projects/testegeralproject/regions/us-central1/subnetworks/subnet-01",
            "ip_cidr_range": "10.0.0.0/16",
            "log_config": [],
            "name": "subnet-01",
            "network": "https://www.googleapis.com/compute/v1/projects/testegeralproject/global/networks/vpc-network-of-the-module",
            "private_ip_google_access": false,
            "project": "testegeralproject",
            "region": "us-central1",
            "secondary_ip_range": [],
            "self_link": "https://www.googleapis.com/compute/v1/projects/testegeralproject/regions/us-central1/subnetworks/subnet-01",
            "timeouts": null
          },
          "private": "eyJlMmJmYjczMC1lY2FhLTExZTYtOGY4OC0zNDM2M2JjN2M0YzAiOnsiY3JlYXRlIjozNjAwMDAwMDAwMDAsImRlbGV0ZSI6MzYwMDAwMDAwMDAwLCJ1cGRhdGUiOjM2MDAwMDAwMDAwMH19",
          "dependencies": [
            "module.network.google_compute_network.network"
          ]
        },
        {
          "index_key": 1,
          "schema_version": 0,
          "attributes": {
            "creation_timestamp": "2020-02-13T10:02:48.560-08:00",
            "description": "",
            "enable_flow_logs": null,
            "fingerprint": null,
            "gateway_address": "10.1.0.1",
            "id": "projects/testegeralproject/regions/us-central1/subnetworks/subnet-02",
            "ip_cidr_range": "10.1.0.0/16",
            "log_config": [],
            "name": "subnet-02",
            "network": "https://www.googleapis.com/compute/v1/projects/testegeralproject/global/networks/vpc-network-of-the-module",
            "private_ip_google_access": true,
            "project": "testegeralproject",
            "region": "us-central1",
            "secondary_ip_range": [],
            "self_link": "https://www.googleapis.com/compute/v1/projects/testegeralproject/regions/us-central1/subnetworks/subnet-02",
            "timeouts": null
          },
          "private": "eyJlMmJmYjczMC1lY2FhLTExZTYtOGY4OC0zNDM2M2JjN2M0YzAiOnsiY3JlYXRlIjozNjAwMDAwMDAwMDAsImRlbGV0ZSI6MzYwMDAwMDAwMDAwLCJ1cGRhdGUiOjM2MDAwMDAwMDAwMH19",
          "dependencies": [
            "module.network.google_compute_network.network"
          ]
        }
      ]
    },
    {
      "module": "module.network",
      "mode": "managed",
      "type": "null_resource",
      "name": "delete_default_internet_gateway_routes",
      "each": "list",
      "provider": "provider.null",
      "instances": []
    }
  ]
}
